
Microsoft Visual Studio Solution File, Format Version 12.00
# Visual Studio Version 17
VisualStudioVersion = 17.0.31912.275
MinimumVisualStudioVersion = 10.0.40219.1
Project("{8BC9CEB8-8B4A-11D0-8D11-00A0C91BC942}") = "Project2137", "Project2137\Project2137.vcxproj", "{71C32585-5A33-4B9B-BE35-0F24170A4E40}"
EndProject
Project("{8BC9CEB8-8B4A-11D0-8D11-00A0C91BC942}") = "Sample-Test1", "Sample-Test1\Sample-Test1.vcxproj", "{F3A710E0-ACF6-493E-8C2E-225212F55BA4}"
EndProject
Global
	GlobalSection(SolutionConfigurationPlatforms) = preSolution
		Debug|x64 = Debug|x64
		Debug|x86 = Debug|x86
		Release|x64 = Release|x64
		Release|x86 = Release|x86
	EndGlobalSection
	GlobalSection(ProjectConfigurationPlatforms) = postSolution
		{71C32585-5A33-4B9B-BE35-0F24170A4E40}.Debug|x64.ActiveCfg = Debug|x64
		{71C32585-5A33-4B9B-BE35-0F24170A4E40}.Debug|x64.Build.0 = Debug|x64
		{71C32585-5A33-4B9B-BE35-0F24170A4E40}.Debug|x86.ActiveCfg = Debug|Win32
		{71C32585-5A33-4B9B-BE35-0F24170A4E40}.Debug|x86.Build.0 = Debug|Win32
		{71C32585-5A33-4B9B-BE35-0F24170A4E40}.Release|x64.ActiveCfg = Release|x64
		{71C32585-5A33-4B9B-BE35-0F24170A4E40}.Release|x64.Build.0 = Release|x64
		{71C32585-5A33-4B9B-BE35-0F24170A4E40}.Release|x86.ActiveCfg = Release|Win32
		{71C32585-5A33-4B9B-BE35-0F24170A4E40}.Release|x86.Build.0 = Release|Win32
		{F3A710E0-ACF6-493E-8C2E-225212F55BA4}.Debug|x64.ActiveCfg = Debug|x64
		{F3A710E0-ACF6-493E-8C2E-225212F55BA4}.Debug|x64.Build.0 = Debug|x64
		{F3A710E0-ACF6-493E-8C2E-225212F55BA4}.Debug|x86.ActiveCfg = Debug|Win32
		{F3A710E0-ACF6-493E-8C2E-225212F55BA4}.Debug|x86.Build.0 = Debug|Win32
		{F3A710E0-ACF6-493E-8C2E-225212F55BA4}.Release|x64.ActiveCfg = Release|x64
		{F3A710E0-ACF6-493E-8C2E-225212F55BA4}.Release|x64.Build.0 = Release|x64
		{F3A710E0-ACF6-493E-8C2E-225212F55BA4}.Release|x86.ActiveCfg = Release|Win32
		{F3A710E0-ACF6-493E-8C2E-225212F55BA4}.Release|x86.Build.0 = Release|Win32
	EndGlobalSection
	GlobalSection(SolutionProperties) = preSolution
		HideSolutionNode = FALSE
	EndGlobalSection
	GlobalSection(ExtensibilityGlobals) = postSolution
		SolutionGuid = {B9AEEC42-FC23-4E2D-9327-127395501B0D}
	EndGlobalSection
EndGlobal
